
Microsoft Visual Studio Solution File, Format Version 12.00
# Visual Studio 14
VisualStudioVersion = 14.0.25420.1
MinimumVisualStudioVersion = 10.0.40219.1
Project("{FAE04EC0-301F-11D3-BF4B-00C04F79EFBC}") = "DailyCat.Droid", "DailyCat.Droid\DailyCat.Droid.csproj", "{4F4DFDE1-C16F-4A4E-B139-E2E736336561}"
	ProjectSection(ProjectDependencies) = postProject
		{67F9D3A8-F71E-4428-913F-C37AE82CDB24} = {67F9D3A8-F71E-4428-913F-C37AE82CDB24}
		{2906C7DA-D6D4-453F-9FF0-D1605B3BDFFC} = {2906C7DA-D6D4-453F-9FF0-D1605B3BDFFC}
		{A9740ADE-1BB8-4E9C-B561-63FD78B73233} = {A9740ADE-1BB8-4E9C-B561-63FD78B73233}
	EndProjectSection
EndProject
Project("{FAE04EC0-301F-11D3-BF4B-00C04F79EFBC}") = "DailyCat.Common", "DailyCat.Common\DailyCat.Common.csproj", "{2906C7DA-D6D4-453F-9FF0-D1605B3BDFFC}"
EndProject
Project("{FAE04EC0-301F-11D3-BF4B-00C04F79EFBC}") = "DailyCat.ViewModel", "DailyCat.ViewModel\DailyCat.ViewModel.csproj", "{67F9D3A8-F71E-4428-913F-C37AE82CDB24}"
EndProject
Project("{FAE04EC0-301F-11D3-BF4B-00C04F79EFBC}") = "DailyCat.View", "DailyCat.View\DailyCat.View.csproj", "{A9740ADE-1BB8-4E9C-B561-63FD78B73233}"
EndProject
Project("{FAE04EC0-301F-11D3-BF4B-00C04F79EFBC}") = "DailyCat.iOS", "DailyCat.iOS\DailyCat.iOS.csproj", "{8E5F9A13-CF7B-45E9-A878-7451F539357D}"
EndProject
Global
	GlobalSection(SolutionConfigurationPlatforms) = preSolution
		Ad-Hoc|Any CPU = Ad-Hoc|Any CPU
		Ad-Hoc|iPhone = Ad-Hoc|iPhone
		Ad-Hoc|iPhoneSimulator = Ad-Hoc|iPhoneSimulator
		AppStore|Any CPU = AppStore|Any CPU
		AppStore|iPhone = AppStore|iPhone
		AppStore|iPhoneSimulator = AppStore|iPhoneSimulator
		Debug|Any CPU = Debug|Any CPU
		Debug|iPhone = Debug|iPhone
		Debug|iPhoneSimulator = Debug|iPhoneSimulator
		Release|Any CPU = Release|Any CPU
		Release|iPhone = Release|iPhone
		Release|iPhoneSimulator = Release|iPhoneSimulator
	EndGlobalSection
	GlobalSection(ProjectConfigurationPlatforms) = postSolution
		{4F4DFDE1-C16F-4A4E-B139-E2E736336561}.Ad-Hoc|Any CPU.ActiveCfg = Release|Any CPU
		{4F4DFDE1-C16F-4A4E-B139-E2E736336561}.Ad-Hoc|Any CPU.Build.0 = Release|Any CPU
		{4F4DFDE1-C16F-4A4E-B139-E2E736336561}.Ad-Hoc|Any CPU.Deploy.0 = Release|Any CPU
		{4F4DFDE1-C16F-4A4E-B139-E2E736336561}.Ad-Hoc|iPhone.ActiveCfg = Release|Any CPU
		{4F4DFDE1-C16F-4A4E-B139-E2E736336561}.Ad-Hoc|iPhone.Build.0 = Release|Any CPU
		{4F4DFDE1-C16F-4A4E-B139-E2E736336561}.Ad-Hoc|iPhone.Deploy.0 = Release|Any CPU
		{4F4DFDE1-C16F-4A4E-B139-E2E736336561}.Ad-Hoc|iPhoneSimulator.ActiveCfg = Release|Any CPU
		{4F4DFDE1-C16F-4A4E-B139-E2E736336561}.Ad-Hoc|iPhoneSimulator.Build.0 = Release|Any CPU
		{4F4DFDE1-C16F-4A4E-B139-E2E736336561}.Ad-Hoc|iPhoneSimulator.Deploy.0 = Release|Any CPU
		{4F4DFDE1-C16F-4A4E-B139-E2E736336561}.AppStore|Any CPU.ActiveCfg = Release|Any CPU
		{4F4DFDE1-C16F-4A4E-B139-E2E736336561}.AppStore|Any CPU.Build.0 = Release|Any CPU
		{4F4DFDE1-C16F-4A4E-B139-E2E736336561}.AppStore|Any CPU.Deploy.0 = Release|Any CPU
		{4F4DFDE1-C16F-4A4E-B139-E2E736336561}.AppStore|iPhone.ActiveCfg = Release|Any CPU
		{4F4DFDE1-C16F-4A4E-B139-E2E736336561}.AppStore|iPhone.Build.0 = Release|Any CPU
		{4F4DFDE1-C16F-4A4E-B139-E2E736336561}.AppStore|iPhone.Deploy.0 = Release|Any CPU
		{4F4DFDE1-C16F-4A4E-B139-E2E736336561}.AppStore|iPhoneSimulator.ActiveCfg = Release|Any CPU
		{4F4DFDE1-C16F-4A4E-B139-E2E736336561}.AppStore|iPhoneSimulator.Build.0 = Release|Any CPU
		{4F4DFDE1-C16F-4A4E-B139-E2E736336561}.AppStore|iPhoneSimulator.Deploy.0 = Release|Any CPU
		{4F4DFDE1-C16F-4A4E-B139-E2E736336561}.Debug|Any CPU.ActiveCfg = Debug|Any CPU
		{4F4DFDE1-C16F-4A4E-B139-E2E736336561}.Debug|Any CPU.Build.0 = Debug|Any CPU
		{4F4DFDE1-C16F-4A4E-B139-E2E736336561}.Debug|Any CPU.Deploy.0 = Debug|Any CPU
		{4F4DFDE1-C16F-4A4E-B139-E2E736336561}.Debug|iPhone.ActiveCfg = Debug|Any CPU
		{4F4DFDE1-C16F-4A4E-B139-E2E736336561}.Debug|iPhone.Build.0 = Debug|Any CPU
		{4F4DFDE1-C16F-4A4E-B139-E2E736336561}.Debug|iPhone.Deploy.0 = Debug|Any CPU
		{4F4DFDE1-C16F-4A4E-B139-E2E736336561}.Debug|iPhoneSimulator.ActiveCfg = Debug|Any CPU
		{4F4DFDE1-C16F-4A4E-B139-E2E736336561}.Debug|iPhoneSimulator.Build.0 = Debug|Any CPU
		{4F4DFDE1-C16F-4A4E-B139-E2E736336561}.Debug|iPhoneSimulator.Deploy.0 = Debug|Any CPU
		{4F4DFDE1-C16F-4A4E-B139-E2E736336561}.Release|Any CPU.ActiveCfg = Release|Any CPU
		{4F4DFDE1-C16F-4A4E-B139-E2E736336561}.Release|Any CPU.Build.0 = Release|Any CPU
		{4F4DFDE1-C16F-4A4E-B139-E2E736336561}.Release|Any CPU.Deploy.0 = Release|Any CPU
		{4F4DFDE1-C16F-4A4E-B139-E2E736336561}.Release|iPhone.ActiveCfg = Release|Any CPU
		{4F4DFDE1-C16F-4A4E-B139-E2E736336561}.Release|iPhone.Build.0 = Release|Any CPU
		{4F4DFDE1-C16F-4A4E-B139-E2E736336561}.Release|iPhone.Deploy.0 = Release|Any CPU
		{4F4DFDE1-C16F-4A4E-B139-E2E736336561}.Release|iPhoneSimulator.ActiveCfg = Release|Any CPU
		{4F4DFDE1-C16F-4A4E-B139-E2E736336561}.Release|iPhoneSimulator.Build.0 = Release|Any CPU
		{4F4DFDE1-C16F-4A4E-B139-E2E736336561}.Release|iPhoneSimulator.Deploy.0 = Release|Any CPU
		{2906C7DA-D6D4-453F-9FF0-D1605B3BDFFC}.Ad-Hoc|Any CPU.ActiveCfg = Release|Any CPU
		{2906C7DA-D6D4-453F-9FF0-D1605B3BDFFC}.Ad-Hoc|Any CPU.Build.0 = Release|Any CPU
		{2906C7DA-D6D4-453F-9FF0-D1605B3BDFFC}.Ad-Hoc|iPhone.ActiveCfg = Release|Any CPU
		{2906C7DA-D6D4-453F-9FF0-D1605B3BDFFC}.Ad-Hoc|iPhone.Build.0 = Release|Any CPU
		{2906C7DA-D6D4-453F-9FF0-D1605B3BDFFC}.Ad-Hoc|iPhoneSimulator.ActiveCfg = Release|Any CPU
		{2906C7DA-D6D4-453F-9FF0-D1605B3BDFFC}.Ad-Hoc|iPhoneSimulator.Build.0 = Release|Any CPU
		{2906C7DA-D6D4-453F-9FF0-D1605B3BDFFC}.AppStore|Any CPU.ActiveCfg = Release|Any CPU
		{2906C7DA-D6D4-453F-9FF0-D1605B3BDFFC}.AppStore|Any CPU.Build.0 = Release|Any CPU
		{2906C7DA-D6D4-453F-9FF0-D1605B3BDFFC}.AppStore|iPhone.ActiveCfg = Release|Any CPU
		{2906C7DA-D6D4-453F-9FF0-D1605B3BDFFC}.AppStore|iPhone.Build.0 = Release|Any CPU
		{2906C7DA-D6D4-453F-9FF0-D1605B3BDFFC}.AppStore|iPhoneSimulator.ActiveCfg = Release|Any CPU
		{2906C7DA-D6D4-453F-9FF0-D1605B3BDFFC}.AppStore|iPhoneSimulator.Build.0 = Release|Any CPU
		{2906C7DA-D6D4-453F-9FF0-D1605B3BDFFC}.Debug|Any CPU.ActiveCfg = Debug|Any CPU
		{2906C7DA-D6D4-453F-9FF0-D1605B3BDFFC}.Debug|Any CPU.Build.0 = Debug|Any CPU
		{2906C7DA-D6D4-453F-9FF0-D1605B3BDFFC}.Debug|iPhone.ActiveCfg = Debug|Any CPU
		{2906C7DA-D6D4-453F-9FF0-D1605B3BDFFC}.Debug|iPhone.Build.0 = Debug|Any CPU
		{2906C7DA-D6D4-453F-9FF0-D1605B3BDFFC}.Debug|iPhoneSimulator.ActiveCfg = Debug|Any CPU
		{2906C7DA-D6D4-453F-9FF0-D1605B3BDFFC}.Debug|iPhoneSimulator.Build.0 = Debug|Any CPU
		{2906C7DA-D6D4-453F-9FF0-D1605B3BDFFC}.Release|Any CPU.ActiveCfg = Release|Any CPU
		{2906C7DA-D6D4-453F-9FF0-D1605B3BDFFC}.Release|Any CPU.Build.0 = Release|Any CPU
		{2906C7DA-D6D4-453F-9FF0-D1605B3BDFFC}.Release|iPhone.ActiveCfg = Release|Any CPU
		{2906C7DA-D6D4-453F-9FF0-D1605B3BDFFC}.Release|iPhone.Build.0 = Release|Any CPU
		{2906C7DA-D6D4-453F-9FF0-D1605B3BDFFC}.Release|iPhoneSimulator.ActiveCfg = Release|Any CPU
		{2906C7DA-D6D4-453F-9FF0-D1605B3BDFFC}.Release|iPhoneSimulator.Build.0 = Release|Any CPU
		{67F9D3A8-F71E-4428-913F-C37AE82CDB24}.Ad-Hoc|Any CPU.ActiveCfg = Release|Any CPU
		{67F9D3A8-F71E-4428-913F-C37AE82CDB24}.Ad-Hoc|Any CPU.Build.0 = Release|Any CPU
		{67F9D3A8-F71E-4428-913F-C37AE82CDB24}.Ad-Hoc|iPhone.ActiveCfg = Release|Any CPU
		{67F9D3A8-F71E-4428-913F-C37AE82CDB24}.Ad-Hoc|iPhone.Build.0 = Release|Any CPU
		{67F9D3A8-F71E-4428-913F-C37AE82CDB24}.Ad-Hoc|iPhoneSimulator.ActiveCfg = Release|Any CPU
		{67F9D3A8-F71E-4428-913F-C37AE82CDB24}.Ad-Hoc|iPhoneSimulator.Build.0 = Release|Any CPU
		{67F9D3A8-F71E-4428-913F-C37AE82CDB24}.AppStore|Any CPU.ActiveCfg = Release|Any CPU
		{67F9D3A8-F71E-4428-913F-C37AE82CDB24}.AppStore|Any CPU.Build.0 = Release|Any CPU
		{67F9D3A8-F71E-4428-913F-C37AE82CDB24}.AppStore|iPhone.ActiveCfg = Release|Any CPU
		{67F9D3A8-F71E-4428-913F-C37AE82CDB24}.AppStore|iPhone.Build.0 = Release|Any CPU
		{67F9D3A8-F71E-4428-913F-C37AE82CDB24}.AppStore|iPhoneSimulator.ActiveCfg = Release|Any CPU
		{67F9D3A8-F71E-4428-913F-C37AE82CDB24}.AppStore|iPhoneSimulator.Build.0 = Release|Any CPU
		{67F9D3A8-F71E-4428-913F-C37AE82CDB24}.Debug|Any CPU.ActiveCfg = Debug|Any CPU
		{67F9D3A8-F71E-4428-913F-C37AE82CDB24}.Debug|Any CPU.Build.0 = Debug|Any CPU
		{67F9D3A8-F71E-4428-913F-C37AE82CDB24}.Debug|iPhone.ActiveCfg = Debug|Any CPU
		{67F9D3A8-F71E-4428-913F-C37AE82CDB24}.Debug|iPhone.Build.0 = Debug|Any CPU
		{67F9D3A8-F71E-4428-913F-C37AE82CDB24}.Debug|iPhoneSimulator.ActiveCfg = Debug|Any CPU
		{67F9D3A8-F71E-4428-913F-C37AE82CDB24}.Debug|iPhoneSimulator.Build.0 = Debug|Any CPU
		{67F9D3A8-F71E-4428-913F-C37AE82CDB24}.Release|Any CPU.ActiveCfg = Release|Any CPU
		{67F9D3A8-F71E-4428-913F-C37AE82CDB24}.Release|Any CPU.Build.0 = Release|Any CPU
		{67F9D3A8-F71E-4428-913F-C37AE82CDB24}.Release|iPhone.ActiveCfg = Release|Any CPU
		{67F9D3A8-F71E-4428-913F-C37AE82CDB24}.Release|iPhone.Build.0 = Release|Any CPU
		{67F9D3A8-F71E-4428-913F-C37AE82CDB24}.Release|iPhoneSimulator.ActiveCfg = Release|Any CPU
		{67F9D3A8-F71E-4428-913F-C37AE82CDB24}.Release|iPhoneSimulator.Build.0 = Release|Any CPU
		{A9740ADE-1BB8-4E9C-B561-63FD78B73233}.Ad-Hoc|Any CPU.ActiveCfg = Release|Any CPU
		{A9740ADE-1BB8-4E9C-B561-63FD78B73233}.Ad-Hoc|Any CPU.Build.0 = Release|Any CPU
		{A9740ADE-1BB8-4E9C-B561-63FD78B73233}.Ad-Hoc|iPhone.ActiveCfg = Release|Any CPU
		{A9740ADE-1BB8-4E9C-B561-63FD78B73233}.Ad-Hoc|iPhone.Build.0 = Release|Any CPU
		{A9740ADE-1BB8-4E9C-B561-63FD78B73233}.Ad-Hoc|iPhoneSimulator.ActiveCfg = Release|Any CPU
		{A9740ADE-1BB8-4E9C-B561-63FD78B73233}.Ad-Hoc|iPhoneSimulator.Build.0 = Release|Any CPU
		{A9740ADE-1BB8-4E9C-B561-63FD78B73233}.AppStore|Any CPU.ActiveCfg = Release|Any CPU
		{A9740ADE-1BB8-4E9C-B561-63FD78B73233}.AppStore|Any CPU.Build.0 = Release|Any CPU
		{A9740ADE-1BB8-4E9C-B561-63FD78B73233}.AppStore|iPhone.ActiveCfg = Release|Any CPU
		{A9740ADE-1BB8-4E9C-B561-63FD78B73233}.AppStore|iPhone.Build.0 = Release|Any CPU
		{A9740ADE-1BB8-4E9C-B561-63FD78B73233}.AppStore|iPhoneSimulator.ActiveCfg = Release|Any CPU
		{A9740ADE-1BB8-4E9C-B561-63FD78B73233}.AppStore|iPhoneSimulator.Build.0 = Release|Any CPU
		{A9740ADE-1BB8-4E9C-B561-63FD78B73233}.Debug|Any CPU.ActiveCfg = Debug|Any CPU
		{A9740ADE-1BB8-4E9C-B561-63FD78B73233}.Debug|Any CPU.Build.0 = Debug|Any CPU
		{A9740ADE-1BB8-4E9C-B561-63FD78B73233}.Debug|iPhone.ActiveCfg = Debug|Any CPU
		{A9740ADE-1BB8-4E9C-B561-63FD78B73233}.Debug|iPhone.Build.0 = Debug|Any CPU
		{A9740ADE-1BB8-4E9C-B561-63FD78B73233}.Debug|iPhoneSimulator.ActiveCfg = Debug|Any CPU
		{A9740ADE-1BB8-4E9C-B561-63FD78B73233}.Debug|iPhoneSimulator.Build.0 = Debug|Any CPU
		{A9740ADE-1BB8-4E9C-B561-63FD78B73233}.Release|Any CPU.ActiveCfg = Release|Any CPU
		{A9740ADE-1BB8-4E9C-B561-63FD78B73233}.Release|Any CPU.Build.0 = Release|Any CPU
		{A9740ADE-1BB8-4E9C-B561-63FD78B73233}.Release|iPhone.ActiveCfg = Release|Any CPU
		{A9740ADE-1BB8-4E9C-B561-63FD78B73233}.Release|iPhone.Build.0 = Release|Any CPU
		{A9740ADE-1BB8-4E9C-B561-63FD78B73233}.Release|iPhoneSimulator.ActiveCfg = Release|Any CPU
		{A9740ADE-1BB8-4E9C-B561-63FD78B73233}.Release|iPhoneSimulator.Build.0 = Release|Any CPU
		{8E5F9A13-CF7B-45E9-A878-7451F539357D}.Ad-Hoc|Any CPU.ActiveCfg = Ad-Hoc|iPhone
		{8E5F9A13-CF7B-45E9-A878-7451F539357D}.Ad-Hoc|iPhone.ActiveCfg = Ad-Hoc|iPhone
		{8E5F9A13-CF7B-45E9-A878-7451F539357D}.Ad-Hoc|iPhone.Build.0 = Ad-Hoc|iPhone
		{8E5F9A13-CF7B-45E9-A878-7451F539357D}.Ad-Hoc|iPhoneSimulator.ActiveCfg = Ad-Hoc|iPhoneSimulator
		{8E5F9A13-CF7B-45E9-A878-7451F539357D}.Ad-Hoc|iPhoneSimulator.Build.0 = Ad-Hoc|iPhoneSimulator
		{8E5F9A13-CF7B-45E9-A878-7451F539357D}.AppStore|Any CPU.ActiveCfg = AppStore|iPhone
		{8E5F9A13-CF7B-45E9-A878-7451F539357D}.AppStore|iPhone.ActiveCfg = AppStore|iPhone
		{8E5F9A13-CF7B-45E9-A878-7451F539357D}.AppStore|iPhone.Build.0 = AppStore|iPhone
		{8E5F9A13-CF7B-45E9-A878-7451F539357D}.AppStore|iPhoneSimulator.ActiveCfg = AppStore|iPhoneSimulator
		{8E5F9A13-CF7B-45E9-A878-7451F539357D}.AppStore|iPhoneSimulator.Build.0 = AppStore|iPhoneSimulator
		{8E5F9A13-CF7B-45E9-A878-7451F539357D}.Debug|Any CPU.ActiveCfg = Debug|iPhone
		{8E5F9A13-CF7B-45E9-A878-7451F539357D}.Debug|iPhone.ActiveCfg = Debug|iPhone
		{8E5F9A13-CF7B-45E9-A878-7451F539357D}.Debug|iPhone.Build.0 = Debug|iPhone
		{8E5F9A13-CF7B-45E9-A878-7451F539357D}.Debug|iPhoneSimulator.ActiveCfg = Debug|iPhoneSimulator
		{8E5F9A13-CF7B-45E9-A878-7451F539357D}.Debug|iPhoneSimulator.Build.0 = Debug|iPhoneSimulator
		{8E5F9A13-CF7B-45E9-A878-7451F539357D}.Release|Any CPU.ActiveCfg = Release|iPhone
		{8E5F9A13-CF7B-45E9-A878-7451F539357D}.Release|iPhone.ActiveCfg = Release|iPhone
		{8E5F9A13-CF7B-45E9-A878-7451F539357D}.Release|iPhone.Build.0 = Release|iPhone
		{8E5F9A13-CF7B-45E9-A878-7451F539357D}.Release|iPhoneSimulator.ActiveCfg = Release|iPhoneSimulator
		{8E5F9A13-CF7B-45E9-A878-7451F539357D}.Release|iPhoneSimulator.Build.0 = Release|iPhoneSimulator
	EndGlobalSection
	GlobalSection(SolutionProperties) = preSolution
		HideSolutionNode = FALSE
	EndGlobalSection
EndGlobal
